// !$*UTF8*$!
{
	archiveVersion = 1;
	classes = {
	};
	objectVersion = 55;
	objects = {

/* Begin PBXBuildFile section */
		9029BF132818A7F1001A0C29 /* AppDelegate.swift in Sources */ = {isa = PBXBuildFile; fileRef = 9029BF122818A7F1001A0C29 /* AppDelegate.swift */; };
		9029BF152818A7F1001A0C29 /* SceneDelegate.swift in Sources */ = {isa = PBXBuildFile; fileRef = 9029BF142818A7F1001A0C29 /* SceneDelegate.swift */; };
		9029BF1D2818A7F1001A0C29 /* PasswordGenerator.xcdatamodeld in Sources */ = {isa = PBXBuildFile; fileRef = 9029BF1B2818A7F1001A0C29 /* PasswordGenerator.xcdatamodeld */; };
		9029BF1F2818A7F3001A0C29 /* Assets.xcassets in Resources */ = {isa = PBXBuildFile; fileRef = 9029BF1E2818A7F3001A0C29 /* Assets.xcassets */; };
		9029BF222818A7F3001A0C29 /* LaunchScreen.storyboard in Resources */ = {isa = PBXBuildFile; fileRef = 9029BF202818A7F3001A0C29 /* LaunchScreen.storyboard */; };
		9029BF2C2818A921001A0C29 /* Main.storyboard in Resources */ = {isa = PBXBuildFile; fileRef = 9029BF2B2818A921001A0C29 /* Main.storyboard */; };
		903BE1E928298FC500EAB56C /* SavedPasswordTableViewCell.swift in Sources */ = {isa = PBXBuildFile; fileRef = 903BE1E828298FC500EAB56C /* SavedPasswordTableViewCell.swift */; };
		9049E7622828D56D00C7A56E /* SavePasswordTableViewController.swift in Sources */ = {isa = PBXBuildFile; fileRef = 9049E7612828D56D00C7A56E /* SavePasswordTableViewController.swift */; };
		909417CD2832229500CB2E0C /* PasswordCharacters.swift in Sources */ = {isa = PBXBuildFile; fileRef = 909417CC2832229500CB2E0C /* PasswordCharacters.swift */; };
		90F4FB2D281A6A7200586C76 /* UIViewControllerExtension.swift in Sources */ = {isa = PBXBuildFile; fileRef = 90F4FB2C281A6A7200586C76 /* UIViewControllerExtension.swift */; };
		90F6323A2818FB8F00F24938 /* GeneratePasswordViewController.swift in Sources */ = {isa = PBXBuildFile; fileRef = 90F632392818FB8F00F24938 /* GeneratePasswordViewController.swift */; };
		90F6323D2819136400F24938 /* UIViewExtension.swift in Sources */ = {isa = PBXBuildFile; fileRef = 90F6323C2819136400F24938 /* UIViewExtension.swift */; };
/* End PBXBuildFile section */

/* Begin PBXFileReference section */
		9029BF0F2818A7F1001A0C29 /* PasswordGenerator.app */ = {isa = PBXFileReference; explicitFileType = wrapper.application; includeInIndex = 0; path = PasswordGenerator.app; sourceTree = BUILT_PRODUCTS_DIR; };
		9029BF122818A7F1001A0C29 /* AppDelegate.swift */ = {isa = PBXFileReference; lastKnownFileType = sourcecode.swift; path = AppDelegate.swift; sourceTree = "<group>"; };
		9029BF142818A7F1001A0C29 /* SceneDelegate.swift */ = {isa = PBXFileReference; lastKnownFileType = sourcecode.swift; path = SceneDelegate.swift; sourceTree = "<group>"; };
		9029BF1C2818A7F1001A0C29 /* PasswordGenerator.xcdatamodel */ = {isa = PBXFileReference; lastKnownFileType = wrapper.xcdatamodel; path = PasswordGenerator.xcdatamodel; sourceTree = "<group>"; };
		9029BF1E2818A7F3001A0C29 /* Assets.xcassets */ = {isa = PBXFileReference; lastKnownFileType = folder.assetcatalog; path = Assets.xcassets; sourceTree = "<group>"; };
		9029BF212818A7F3001A0C29 /* Base */ = {isa = PBXFileReference; lastKnownFileType = file.storyboard; name = Base; path = Base.lproj/LaunchScreen.storyboard; sourceTree = "<group>"; };
		9029BF232818A7F3001A0C29 /* Info.plist */ = {isa = PBXFileReference; lastKnownFileType = text.plist.xml; path = Info.plist; sourceTree = "<group>"; };
		9029BF2B2818A921001A0C29 /* Main.storyboard */ = {isa = PBXFileReference; lastKnownFileType = file.storyboard; path = Main.storyboard; sourceTree = "<group>"; };
		903BE1E828298FC500EAB56C /* SavedPasswordTableViewCell.swift */ = {isa = PBXFileReference; lastKnownFileType = sourcecode.swift; path = SavedPasswordTableViewCell.swift; sourceTree = "<group>"; };
		9049E7612828D56D00C7A56E /* SavePasswordTableViewController.swift */ = {isa = PBXFileReference; lastKnownFileType = sourcecode.swift; path = SavePasswordTableViewController.swift; sourceTree = "<group>"; };
		909417CC2832229500CB2E0C /* PasswordCharacters.swift */ = {isa = PBXFileReference; lastKnownFileType = sourcecode.swift; path = PasswordCharacters.swift; sourceTree = "<group>"; };
		90F4FB2C281A6A7200586C76 /* UIViewControllerExtension.swift */ = {isa = PBXFileReference; lastKnownFileType = sourcecode.swift; path = UIViewControllerExtension.swift; sourceTree = "<group>"; };
		90F632392818FB8F00F24938 /* GeneratePasswordViewController.swift */ = {isa = PBXFileReference; lastKnownFileType = sourcecode.swift; path = GeneratePasswordViewController.swift; sourceTree = "<group>"; };
		90F6323C2819136400F24938 /* UIViewExtension.swift */ = {isa = PBXFileReference; lastKnownFileType = sourcecode.swift; path = UIViewExtension.swift; sourceTree = "<group>"; };
/* End PBXFileReference section */

/* Begin PBXFrameworksBuildPhase section */
		9029BF0C2818A7F1001A0C29 /* Frameworks */ = {
			isa = PBXFrameworksBuildPhase;
			buildActionMask = 2147483647;
			files = (
			);
			runOnlyForDeploymentPostprocessing = 0;
		};
/* End PBXFrameworksBuildPhase section */

/* Begin PBXGroup section */
		9029BF062818A7F1001A0C29 = {
			isa = PBXGroup;
			children = (
				9029BF112818A7F1001A0C29 /* PasswordGenerator */,
				9029BF102818A7F1001A0C29 /* Products */,
			);
			sourceTree = "<group>";
		};
		9029BF102818A7F1001A0C29 /* Products */ = {
			isa = PBXGroup;
			children = (
				9029BF0F2818A7F1001A0C29 /* PasswordGenerator.app */,
			);
			name = Products;
			sourceTree = "<group>";
		};
		9029BF112818A7F1001A0C29 /* PasswordGenerator */ = {
			isa = PBXGroup;
			children = (
				90F6323B281912CD00F24938 /* Extensions */,
				903BE1E728298F7E00EAB56C /* Cells */,
				9029BF2A2818A8A7001A0C29 /* Models */,
				9029BF2D2818B6ED001A0C29 /* Controllers */,
				9029BF122818A7F1001A0C29 /* AppDelegate.swift */,
				9029BF142818A7F1001A0C29 /* SceneDelegate.swift */,
				9029BF1E2818A7F3001A0C29 /* Assets.xcassets */,
				9029BF2B2818A921001A0C29 /* Main.storyboard */,
				9029BF202818A7F3001A0C29 /* LaunchScreen.storyboard */,
				9029BF232818A7F3001A0C29 /* Info.plist */,
				9029BF1B2818A7F1001A0C29 /* PasswordGenerator.xcdatamodeld */,
			);
			path = PasswordGenerator;
			sourceTree = "<group>";
		};
		9029BF2A2818A8A7001A0C29 /* Models */ = {
			isa = PBXGroup;
			children = (
				909417CC2832229500CB2E0C /* PasswordCharacters.swift */,
			);
			path = Models;
			sourceTree = "<group>";
		};
		9029BF2D2818B6ED001A0C29 /* Controllers */ = {
			isa = PBXGroup;
			children = (
				90F632392818FB8F00F24938 /* GeneratePasswordViewController.swift */,
				9049E7612828D56D00C7A56E /* SavePasswordTableViewController.swift */,
			);
			path = Controllers;
			sourceTree = "<group>";
		};
		903BE1E728298F7E00EAB56C /* Cells */ = {
			isa = PBXGroup;
			children = (
				903BE1E828298FC500EAB56C /* SavedPasswordTableViewCell.swift */,
			);
			path = Cells;
			sourceTree = "<group>";
		};
		90F6323B281912CD00F24938 /* Extensions */ = {
			isa = PBXGroup;
			children = (
				90F6323C2819136400F24938 /* UIViewExtension.swift */,
				90F4FB2C281A6A7200586C76 /* UIViewControllerExtension.swift */,
			);
			path = Extensions;
			sourceTree = "<group>";
		};
/* End PBXGroup section */

/* Begin PBXNativeTarget section */
		9029BF0E2818A7F1001A0C29 /* PasswordGenerator */ = {
			isa = PBXNativeTarget;
			buildConfigurationList = 9029BF262818A7F3001A0C29 /* Build configuration list for PBXNativeTarget "PasswordGenerator" */;
			buildPhases = (
				9029BF0B2818A7F1001A0C29 /* Sources */,
				9029BF0C2818A7F1001A0C29 /* Frameworks */,
				9029BF0D2818A7F1001A0C29 /* Resources */,
			);
			buildRules = (
			);
			dependencies = (
			);
			name = PasswordGenerator;
			productName = PasswordGenerator;
			productReference = 9029BF0F2818A7F1001A0C29 /* PasswordGenerator.app */;
			productType = "com.apple.product-type.application";
		};
/* End PBXNativeTarget section */

/* Begin PBXProject section */
		9029BF072818A7F1001A0C29 /* Project object */ = {
			isa = PBXProject;
			attributes = {
				BuildIndependentTargetsInParallel = 1;
				LastSwiftUpdateCheck = 1320;
				LastUpgradeCheck = 1320;
				TargetAttributes = {
					9029BF0E2818A7F1001A0C29 = {
						CreatedOnToolsVersion = 13.2.1;
					};
				};
			};
			buildConfigurationList = 9029BF0A2818A7F1001A0C29 /* Build configuration list for PBXProject "PasswordGenerator" */;
			compatibilityVersion = "Xcode 13.0";
			developmentRegion = en;
			hasScannedForEncodings = 0;
			knownRegions = (
				en,
				Base,
			);
			mainGroup = 9029BF062818A7F1001A0C29;
			productRefGroup = 9029BF102818A7F1001A0C29 /* Products */;
			projectDirPath = "";
			projectRoot = "";
			targets = (
				9029BF0E2818A7F1001A0C29 /* PasswordGenerator */,
			);
		};
/* End PBXProject section */

/* Begin PBXResourcesBuildPhase section */
		9029BF0D2818A7F1001A0C29 /* Resources */ = {
			isa = PBXResourcesBuildPhase;
			buildActionMask = 2147483647;
			files = (
				9029BF2C2818A921001A0C29 /* Main.storyboard in Resources */,
				9029BF222818A7F3001A0C29 /* LaunchScreen.storyboard in Resources */,
				9029BF1F2818A7F3001A0C29 /* Assets.xcassets in Resources */,
			);
			runOnlyForDeploymentPostprocessing = 0;
		};
/* End PBXResourcesBuildPhase section */

/* Begin PBXSourcesBuildPhase section */
		9029BF0B2818A7F1001A0C29 /* Sources */ = {
			isa = PBXSourcesBuildPhase;
			buildActionMask = 2147483647;
			files = (
				90F6323D2819136400F24938 /* UIViewExtension.swift in Sources */,
				9049E7622828D56D00C7A56E /* SavePasswordTableViewController.swift in Sources */,
				9029BF1D2818A7F1001A0C29 /* PasswordGenerator.xcdatamodeld in Sources */,
				909417CD2832229500CB2E0C /* PasswordCharacters.swift in Sources */,
				903BE1E928298FC500EAB56C /* SavedPasswordTableViewCell.swift in Sources */,
				90F6323A2818FB8F00F24938 /* GeneratePasswordViewController.swift in Sources */,
				9029BF132818A7F1001A0C29 /* AppDelegate.swift in Sources */,
				90F4FB2D281A6A7200586C76 /* UIViewControllerExtension.swift in Sources */,
				9029BF152818A7F1001A0C29 /* SceneDelegate.swift in Sources */,
			);
			runOnlyForDeploymentPostprocessing = 0;
		};
/* End PBXSourcesBuildPhase section */

/* Begin PBXVariantGroup section */
		9029BF202818A7F3001A0C29 /* LaunchScreen.storyboard */ = {
			isa = PBXVariantGroup;
			children = (
				9029BF212818A7F3001A0C29 /* Base */,
			);
			name = LaunchScreen.storyboard;
			sourceTree = "<group>";
		};
/* End PBXVariantGroup section */

/* Begin XCBuildConfiguration section */
		9029BF242818A7F3001A0C29 /* Debug */ = {
			isa = XCBuildConfiguration;
			buildSettings = {
				ALWAYS_SEARCH_USER_PATHS = NO;
				CLANG_ANALYZER_NONNULL = YES;
				CLANG_ANALYZER_NUMBER_OBJECT_CONVERSION = YES_AGGRESSIVE;
				CLANG_CXX_LANGUAGE_STANDARD = "gnu++17";
				CLANG_CXX_LIBRARY = "libc++";
				CLANG_ENABLE_MODULES = YES;
				CLANG_ENABLE_OBJC_ARC = YES;
				CLANG_ENABLE_OBJC_WEAK = YES;
				CLANG_WARN_BLOCK_CAPTURE_AUTORELEASING = YES;
				CLANG_WARN_BOOL_CONVERSION = YES;
				CLANG_WARN_COMMA = YES;
				CLANG_WARN_CONSTANT_CONVERSION = YES;
				CLANG_WARN_DEPRECATED_OBJC_IMPLEMENTATIONS = YES;
				CLANG_WARN_DIRECT_OBJC_ISA_USAGE = YES_ERROR;
				CLANG_WARN_DOCUMENTATION_COMMENTS = YES;
				CLANG_WARN_EMPTY_BODY = YES;
				CLANG_WARN_ENUM_CONVERSION = YES;
				CLANG_WARN_INFINITE_RECURSION = YES;
				CLANG_WARN_INT_CONVERSION = YES;
				CLANG_WARN_NON_LITERAL_NULL_CONVERSION = YES;
				CLANG_WARN_OBJC_IMPLICIT_RETAIN_SELF = YES;
				CLANG_WARN_OBJC_LITERAL_CONVERSION = YES;
				CLANG_WARN_OBJC_ROOT_CLASS = YES_ERROR;
				CLANG_WARN_QUOTED_INCLUDE_IN_FRAMEWORK_HEADER = YES;
				CLANG_WARN_RANGE_LOOP_ANALYSIS = YES;
				CLANG_WARN_STRICT_PROTOTYPES = YES;
				CLANG_WARN_SUSPICIOUS_MOVE = YES;
				CLANG_WARN_UNGUARDED_AVAILABILITY = YES_AGGRESSIVE;
				CLANG_WARN_UNREACHABLE_CODE = YES;
				CLANG_WARN__DUPLICATE_METHOD_MATCH = YES;
				COPY_PHASE_STRIP = NO;
				DEBUG_INFORMATION_FORMAT = dwarf;
				ENABLE_STRICT_OBJC_MSGSEND = YES;
				ENABLE_TESTABILITY = YES;
				GCC_C_LANGUAGE_STANDARD = gnu11;
				GCC_DYNAMIC_NO_PIC = NO;
				GCC_NO_COMMON_BLOCKS = YES;
				GCC_OPTIMIZATION_LEVEL = 0;
				GCC_PREPROCESSOR_DEFINITIONS = (
					"DEBUG=1",
					"$(inherited)",
				);
				GCC_WARN_64_TO_32_BIT_CONVERSION = YES;
				GCC_WARN_ABOUT_RETURN_TYPE = YES_ERROR;
				GCC_WARN_UNDECLARED_SELECTOR = YES;
				GCC_WARN_UNINITIALIZED_AUTOS = YES_AGGRESSIVE;
				GCC_WARN_UNUSED_FUNCTION = YES;
				GCC_WARN_UNUSED_VARIABLE = YES;
				IPHONEOS_DEPLOYMENT_TARGET = 15.2;
				MTL_ENABLE_DEBUG_INFO = INCLUDE_SOURCE;
				MTL_FAST_MATH = YES;
				ONLY_ACTIVE_ARCH = YES;
				SDKROOT = iphoneos;
				SWIFT_ACTIVE_COMPILATION_CONDITIONS = DEBUG;
				SWIFT_OPTIMIZATION_LEVEL = "-Onone";
			};
			name = Debug;
		};
		9029BF252818A7F3001A0C29 /* Release */ = {
			isa = XCBuildConfiguration;
			buildSettings = {
				ALWAYS_SEARCH_USER_PATHS = NO;
				CLANG_ANALYZER_NONNULL = YES;
				CLANG_ANALYZER_NUMBER_OBJECT_CONVERSION = YES_AGGRESSIVE;
				CLANG_CXX_LANGUAGE_STANDARD = "gnu++17";
				CLANG_CXX_LIBRARY = "libc++";
				CLANG_ENABLE_MODULES = YES;
				CLANG_ENABLE_OBJC_ARC = YES;
				CLANG_ENABLE_OBJC_WEAK = YES;
				CLANG_WARN_BLOCK_CAPTURE_AUTORELEASING = YES;
				CLANG_WARN_BOOL_CONVERSION = YES;
				CLANG_WARN_COMMA = YES;
				CLANG_WARN_CONSTANT_CONVERSION = YES;
				CLANG_WARN_DEPRECATED_OBJC_IMPLEMENTATIONS = YES;
				CLANG_WARN_DIRECT_OBJC_ISA_USAGE = YES_ERROR;
				CLANG_WARN_DOCUMENTATION_COMMENTS = YES;
				CLANG_WARN_EMPTY_BODY = YES;
				CLANG_WARN_ENUM_CONVERSION = YES;
				CLANG_WARN_INFINITE_RECURSION = YES;
				CLANG_WARN_INT_CONVERSION = YES;
				CLANG_WARN_NON_LITERAL_NULL_CONVERSION = YES;
				CLANG_WARN_OBJC_IMPLICIT_RETAIN_SELF = YES;
				CLANG_WARN_OBJC_LITERAL_CONVERSION = YES;
				CLANG_WARN_OBJC_ROOT_CLASS = YES_ERROR;
				CLANG_WARN_QUOTED_INCLUDE_IN_FRAMEWORK_HEADER = YES;
				CLANG_WARN_RANGE_LOOP_ANALYSIS = YES;
				CLANG_WARN_STRICT_PROTOTYPES = YES;
				CLANG_WARN_SUSPICIOUS_MOVE = YES;
				CLANG_WARN_UNGUARDED_AVAILABILITY = YES_AGGRESSIVE;
				CLANG_WARN_UNREACHABLE_CODE = YES;
				CLANG_WARN__DUPLICATE_METHOD_MATCH = YES;
				COPY_PHASE_STRIP = NO;
				DEBUG_INFORMATION_FORMAT = "dwarf-with-dsym";
				ENABLE_NS_ASSERTIONS = NO;
				ENABLE_STRICT_OBJC_MSGSEND = YES;
				GCC_C_LANGUAGE_STANDARD = gnu11;
				GCC_NO_COMMON_BLOCKS = YES;
				GCC_WARN_64_TO_32_BIT_CONVERSION = YES;
				GCC_WARN_ABOUT_RETURN_TYPE = YES_ERROR;
				GCC_WARN_UNDECLARED_SELECTOR = YES;
				GCC_WARN_UNINITIALIZED_AUTOS = YES_AGGRESSIVE;
				GCC_WARN_UNUSED_FUNCTION = YES;
				GCC_WARN_UNUSED_VARIABLE = YES;
				IPHONEOS_DEPLOYMENT_TARGET = 15.2;
				MTL_ENABLE_DEBUG_INFO = NO;
				MTL_FAST_MATH = YES;
				SDKROOT = iphoneos;
				SWIFT_COMPILATION_MODE = wholemodule;
				SWIFT_OPTIMIZATION_LEVEL = "-O";
				VALIDATE_PRODUCT = YES;
			};
			name = Release;
		};
		9029BF272818A7F3001A0C29 /* Debug */ = {
			isa = XCBuildConfiguration;
			buildSettings = {
				ASSETCATALOG_COMPILER_APPICON_NAME = AppIcon;
				ASSETCATALOG_COMPILER_GLOBAL_ACCENT_COLOR_NAME = AccentColor;
				CODE_SIGN_STYLE = Automatic;
				CURRENT_PROJECT_VERSION = 1;
				GENERATE_INFOPLIST_FILE = YES;
				INFOPLIST_FILE = PasswordGenerator/Info.plist;
				INFOPLIST_KEY_UIApplicationSupportsIndirectInputEvents = YES;
				INFOPLIST_KEY_UILaunchStoryboardName = LaunchScreen;
				INFOPLIST_KEY_UIMainStoryboardFile = Main;
				INFOPLIST_KEY_UISupportedInterfaceOrientations = UIInterfaceOrientationPortrait;
				INFOPLIST_KEY_UISupportedInterfaceOrientations_iPad = "UIInterfaceOrientationPortrait UIInterfaceOrientationPortraitUpsideDown UIInterfaceOrientationLandscapeLeft UIInterfaceOrientationLandscapeRight";
				INFOPLIST_KEY_UISupportedInterfaceOrientations_iPhone = "UIInterfaceOrientationPortrait UIInterfaceOrientationLandscapeLeft UIInterfaceOrientationLandscapeRight";
				LD_RUNPATH_SEARCH_PATHS = (
					"$(inherited)",
					"@executable_path/Frameworks",
				);
				MARKETING_VERSION = 1.0;
				PRODUCT_BUNDLE_IDENTIFIER = br.com.Luanipe.PasswordGenerator;
				PRODUCT_NAME = "$(TARGET_NAME)";
				SWIFT_EMIT_LOC_STRINGS = YES;
				SWIFT_VERSION = 5.0;
				TARGETED_DEVICE_FAMILY = "1,2";
			};
			name = Debug;
		};
		9029BF282818A7F3001A0C29 /* Release */ = {
			isa = XCBuildConfiguration;
			buildSettings = {
				ASSETCATALOG_COMPILER_APPICON_NAME = AppIcon;
				ASSETCATALOG_COMPILER_GLOBAL_ACCENT_COLOR_NAME = AccentColor;
				CODE_SIGN_STYLE = Automatic;
				CURRENT_PROJECT_VERSION = 1;
				GENERATE_INFOPLIST_FILE = YES;
				INFOPLIST_FILE = PasswordGenerator/Info.plist;
				INFOPLIST_KEY_UIApplicationSupportsIndirectInputEvents = YES;
				INFOPLIST_KEY_UILaunchStoryboardName = LaunchScreen;
				INFOPLIST_KEY_UIMainStoryboardFile = Main;
				INFOPLIST_KEY_UISupportedInterfaceOrientations = UIInterfaceOrientationPortrait;
				INFOPLIST_KEY_UISupportedInterfaceOrientations_iPad = "UIInterfaceOrientationPortrait UIInterfaceOrientationPortraitUpsideDown UIInterfaceOrientationLandscapeLeft UIInterfaceOrientationLandscapeRight";
				INFOPLIST_KEY_UISupportedInterfaceOrientations_iPhone = "UIInterfaceOrientationPortrait UIInterfaceOrientationLandscapeLeft UIInterfaceOrientationLandscapeRight";
				LD_RUNPATH_SEARCH_PATHS = (
					"$(inherited)",
					"@executable_path/Frameworks",
				);
				MARKETING_VERSION = 1.0;
				PRODUCT_BUNDLE_IDENTIFIER = br.com.Luanipe.PasswordGenerator;
				PRODUCT_NAME = "$(TARGET_NAME)";
				SWIFT_EMIT_LOC_STRINGS = YES;
				SWIFT_VERSION = 5.0;
				TARGETED_DEVICE_FAMILY = "1,2";
			};
			name = Release;
		};
/* End XCBuildConfiguration section */

/* Begin XCConfigurationList section */
		9029BF0A2818A7F1001A0C29 /* Build configuration list for PBXProject "PasswordGenerator" */ = {
			isa = XCConfigurationList;
			buildConfigurations = (
				9029BF242818A7F3001A0C29 /* Debug */,
				9029BF252818A7F3001A0C29 /* Release */,
			);
			defaultConfigurationIsVisible = 0;
			defaultConfigurationName = Release;
		};
		9029BF262818A7F3001A0C29 /* Build configuration list for PBXNativeTarget "PasswordGenerator" */ = {
			isa = XCConfigurationList;
			buildConfigurations = (
				9029BF272818A7F3001A0C29 /* Debug */,
				9029BF282818A7F3001A0C29 /* Release */,
			);
			defaultConfigurationIsVisible = 0;
			defaultConfigurationName = Release;
		};
/* End XCConfigurationList section */

/* Begin XCVersionGroup section */
		9029BF1B2818A7F1001A0C29 /* PasswordGenerator.xcdatamodeld */ = {
			isa = XCVersionGroup;
			children = (
				9029BF1C2818A7F1001A0C29 /* PasswordGenerator.xcdatamodel */,
			);
			currentVersion = 9029BF1C2818A7F1001A0C29 /* PasswordGenerator.xcdatamodel */;
			path = PasswordGenerator.xcdatamodeld;
			sourceTree = "<group>";
			versionGroupType = wrapper.xcdatamodel;
		};
/* End XCVersionGroup section */
	};
	rootObject = 9029BF072818A7F1001A0C29 /* Project object */;
}
